
Microsoft Visual Studio Solution File, Format Version 12.00
# Visual Studio Version 16
VisualStudioVersion = 16.0.30621.155
MinimumVisualStudioVersion = 10.0.40219.1
Project("{FAE04EC0-301F-11D3-BF4B-00C04F79EFBC}") = "MyWebApp", "MyWebApp\MyWebApp.csproj", "{BB766A1E-6176-47B1-A240-219FCCCE0D43}"
EndProject
Global
	GlobalSection(SolutionConfigurationPlatforms) = preSolution
		Debug|Any CPU = Debug|Any CPU
		Release|Any CPU = Release|Any CPU
	EndGlobalSection
	GlobalSection(ProjectConfigurationPlatforms) = postSolution
		{BB766A1E-6176-47B1-A240-219FCCCE0D43}.Debug|Any CPU.ActiveCfg = Debug|Any CPU
		{BB766A1E-6176-47B1-A240-219FCCCE0D43}.Debug|Any CPU.Build.0 = Debug|Any CPU
		{BB766A1E-6176-47B1-A240-219FCCCE0D43}.Release|Any CPU.ActiveCfg = Release|Any CPU
		{BB766A1E-6176-47B1-A240-219FCCCE0D43}.Release|Any CPU.Build.0 = Release|Any CPU
	EndGlobalSection
	GlobalSection(SolutionProperties) = preSolution
		HideSolutionNode = FALSE
	EndGlobalSection
	GlobalSection(ExtensibilityGlobals) = postSolution
		SolutionGuid = {FE7F338A-F83E-4937-9458-476977B61F90}
	EndGlobalSection
EndGlobal
